
Microsoft Visual Studio Solution File, Format Version 12.00
# Visual Studio 15
VisualStudioVersion = 15.0.28307.421
MinimumVisualStudioVersion = 10.0.40219.1
Project("{FAE04EC0-301F-11D3-BF4B-00C04F79EFBC}") = "Web", "Web\Web.csproj", "{4073C0CF-7E55-4AD8-B215-900440A8E2C5}"
EndProject
Project("{FAE04EC0-301F-11D3-BF4B-00C04F79EFBC}") = "Core", "Core\Core.csproj", "{D0C36E80-93C4-4DD3-ACCF-58172559DD7F}"
EndProject
Project("{FAE04EC0-301F-11D3-BF4B-00C04F79EFBC}") = "Desktop", "Desktop\Desktop.csproj", "{BA1A99F7-940C-41A9-8FBF-A767FDA3BA99}"
EndProject
Project("{FAE04EC0-301F-11D3-BF4B-00C04F79EFBC}") = "App", "App\App.csproj", "{3E662DDA-0017-4141-985E-AE8D3DDA519D}"
EndProject
Global
	GlobalSection(SolutionConfigurationPlatforms) = preSolution
		Debug|Any CPU = Debug|Any CPU
		Debug|ARM = Debug|ARM
		Debug|ARM64 = Debug|ARM64
		Debug|x64 = Debug|x64
		Debug|x86 = Debug|x86
		Release|Any CPU = Release|Any CPU
		Release|ARM = Release|ARM
		Release|ARM64 = Release|ARM64
		Release|x64 = Release|x64
		Release|x86 = Release|x86
	EndGlobalSection
	GlobalSection(ProjectConfigurationPlatforms) = postSolution
		{4073C0CF-7E55-4AD8-B215-900440A8E2C5}.Debug|Any CPU.ActiveCfg = Debug|Any CPU
		{4073C0CF-7E55-4AD8-B215-900440A8E2C5}.Debug|Any CPU.Build.0 = Debug|Any CPU
		{4073C0CF-7E55-4AD8-B215-900440A8E2C5}.Debug|ARM.ActiveCfg = Debug|Any CPU
		{4073C0CF-7E55-4AD8-B215-900440A8E2C5}.Debug|ARM.Build.0 = Debug|Any CPU
		{4073C0CF-7E55-4AD8-B215-900440A8E2C5}.Debug|ARM64.ActiveCfg = Debug|Any CPU
		{4073C0CF-7E55-4AD8-B215-900440A8E2C5}.Debug|ARM64.Build.0 = Debug|Any CPU
		{4073C0CF-7E55-4AD8-B215-900440A8E2C5}.Debug|x64.ActiveCfg = Debug|Any CPU
		{4073C0CF-7E55-4AD8-B215-900440A8E2C5}.Debug|x64.Build.0 = Debug|Any CPU
		{4073C0CF-7E55-4AD8-B215-900440A8E2C5}.Debug|x86.ActiveCfg = Debug|Any CPU
		{4073C0CF-7E55-4AD8-B215-900440A8E2C5}.Debug|x86.Build.0 = Debug|Any CPU
		{4073C0CF-7E55-4AD8-B215-900440A8E2C5}.Release|Any CPU.ActiveCfg = Release|Any CPU
		{4073C0CF-7E55-4AD8-B215-900440A8E2C5}.Release|Any CPU.Build.0 = Release|Any CPU
		{4073C0CF-7E55-4AD8-B215-900440A8E2C5}.Release|ARM.ActiveCfg = Release|Any CPU
		{4073C0CF-7E55-4AD8-B215-900440A8E2C5}.Release|ARM.Build.0 = Release|Any CPU
		{4073C0CF-7E55-4AD8-B215-900440A8E2C5}.Release|ARM64.ActiveCfg = Release|Any CPU
		{4073C0CF-7E55-4AD8-B215-900440A8E2C5}.Release|ARM64.Build.0 = Release|Any CPU
		{4073C0CF-7E55-4AD8-B215-900440A8E2C5}.Release|x64.ActiveCfg = Release|Any CPU
		{4073C0CF-7E55-4AD8-B215-900440A8E2C5}.Release|x64.Build.0 = Release|Any CPU
		{4073C0CF-7E55-4AD8-B215-900440A8E2C5}.Release|x86.ActiveCfg = Release|Any CPU
		{4073C0CF-7E55-4AD8-B215-900440A8E2C5}.Release|x86.Build.0 = Release|Any CPU
		{D0C36E80-93C4-4DD3-ACCF-58172559DD7F}.Debug|Any CPU.ActiveCfg = Debug|Any CPU
		{D0C36E80-93C4-4DD3-ACCF-58172559DD7F}.Debug|Any CPU.Build.0 = Debug|Any CPU
		{D0C36E80-93C4-4DD3-ACCF-58172559DD7F}.Debug|ARM.ActiveCfg = Debug|Any CPU
		{D0C36E80-93C4-4DD3-ACCF-58172559DD7F}.Debug|ARM.Build.0 = Debug|Any CPU
		{D0C36E80-93C4-4DD3-ACCF-58172559DD7F}.Debug|ARM64.ActiveCfg = Debug|Any CPU
		{D0C36E80-93C4-4DD3-ACCF-58172559DD7F}.Debug|ARM64.Build.0 = Debug|Any CPU
		{D0C36E80-93C4-4DD3-ACCF-58172559DD7F}.Debug|x64.ActiveCfg = Debug|Any CPU
		{D0C36E80-93C4-4DD3-ACCF-58172559DD7F}.Debug|x64.Build.0 = Debug|Any CPU
		{D0C36E80-93C4-4DD3-ACCF-58172559DD7F}.Debug|x86.ActiveCfg = Debug|Any CPU
		{D0C36E80-93C4-4DD3-ACCF-58172559DD7F}.Debug|x86.Build.0 = Debug|Any CPU
		{D0C36E80-93C4-4DD3-ACCF-58172559DD7F}.Release|Any CPU.ActiveCfg = Release|Any CPU
		{D0C36E80-93C4-4DD3-ACCF-58172559DD7F}.Release|Any CPU.Build.0 = Release|Any CPU
		{D0C36E80-93C4-4DD3-ACCF-58172559DD7F}.Release|ARM.ActiveCfg = Release|Any CPU
		{D0C36E80-93C4-4DD3-ACCF-58172559DD7F}.Release|ARM.Build.0 = Release|Any CPU
		{D0C36E80-93C4-4DD3-ACCF-58172559DD7F}.Release|ARM64.ActiveCfg = Release|Any CPU
		{D0C36E80-93C4-4DD3-ACCF-58172559DD7F}.Release|ARM64.Build.0 = Release|Any CPU
		{D0C36E80-93C4-4DD3-ACCF-58172559DD7F}.Release|x64.ActiveCfg = Release|Any CPU
		{D0C36E80-93C4-4DD3-ACCF-58172559DD7F}.Release|x64.Build.0 = Release|Any CPU
		{D0C36E80-93C4-4DD3-ACCF-58172559DD7F}.Release|x86.ActiveCfg = Release|Any CPU
		{D0C36E80-93C4-4DD3-ACCF-58172559DD7F}.Release|x86.Build.0 = Release|Any CPU
		{BA1A99F7-940C-41A9-8FBF-A767FDA3BA99}.Debug|Any CPU.ActiveCfg = Debug|Any CPU
		{BA1A99F7-940C-41A9-8FBF-A767FDA3BA99}.Debug|Any CPU.Build.0 = Debug|Any CPU
		{BA1A99F7-940C-41A9-8FBF-A767FDA3BA99}.Debug|ARM.ActiveCfg = Debug|Any CPU
		{BA1A99F7-940C-41A9-8FBF-A767FDA3BA99}.Debug|ARM.Build.0 = Debug|Any CPU
		{BA1A99F7-940C-41A9-8FBF-A767FDA3BA99}.Debug|ARM64.ActiveCfg = Debug|Any CPU
		{BA1A99F7-940C-41A9-8FBF-A767FDA3BA99}.Debug|ARM64.Build.0 = Debug|Any CPU
		{BA1A99F7-940C-41A9-8FBF-A767FDA3BA99}.Debug|x64.ActiveCfg = Debug|Any CPU
		{BA1A99F7-940C-41A9-8FBF-A767FDA3BA99}.Debug|x64.Build.0 = Debug|Any CPU
		{BA1A99F7-940C-41A9-8FBF-A767FDA3BA99}.Debug|x86.ActiveCfg = Debug|Any CPU
		{BA1A99F7-940C-41A9-8FBF-A767FDA3BA99}.Debug|x86.Build.0 = Debug|Any CPU
		{BA1A99F7-940C-41A9-8FBF-A767FDA3BA99}.Release|Any CPU.ActiveCfg = Release|Any CPU
		{BA1A99F7-940C-41A9-8FBF-A767FDA3BA99}.Release|Any CPU.Build.0 = Release|Any CPU
		{BA1A99F7-940C-41A9-8FBF-A767FDA3BA99}.Release|ARM.ActiveCfg = Release|Any CPU
		{BA1A99F7-940C-41A9-8FBF-A767FDA3BA99}.Release|ARM.Build.0 = Release|Any CPU
		{BA1A99F7-940C-41A9-8FBF-A767FDA3BA99}.Release|ARM64.ActiveCfg = Release|Any CPU
		{BA1A99F7-940C-41A9-8FBF-A767FDA3BA99}.Release|ARM64.Build.0 = Release|Any CPU
		{BA1A99F7-940C-41A9-8FBF-A767FDA3BA99}.Release|x64.ActiveCfg = Release|Any CPU
		{BA1A99F7-940C-41A9-8FBF-A767FDA3BA99}.Release|x64.Build.0 = Release|Any CPU
		{BA1A99F7-940C-41A9-8FBF-A767FDA3BA99}.Release|x86.ActiveCfg = Release|Any CPU
		{BA1A99F7-940C-41A9-8FBF-A767FDA3BA99}.Release|x86.Build.0 = Release|Any CPU
		{3E662DDA-0017-4141-985E-AE8D3DDA519D}.Debug|Any CPU.ActiveCfg = Debug|x86
		{3E662DDA-0017-4141-985E-AE8D3DDA519D}.Debug|Any CPU.Deploy.0 = Debug|x86
		{3E662DDA-0017-4141-985E-AE8D3DDA519D}.Debug|ARM.ActiveCfg = Debug|ARM
		{3E662DDA-0017-4141-985E-AE8D3DDA519D}.Debug|ARM.Build.0 = Debug|ARM
		{3E662DDA-0017-4141-985E-AE8D3DDA519D}.Debug|ARM.Deploy.0 = Debug|ARM
		{3E662DDA-0017-4141-985E-AE8D3DDA519D}.Debug|ARM64.ActiveCfg = Debug|ARM64
		{3E662DDA-0017-4141-985E-AE8D3DDA519D}.Debug|ARM64.Build.0 = Debug|ARM64
		{3E662DDA-0017-4141-985E-AE8D3DDA519D}.Debug|ARM64.Deploy.0 = Debug|ARM64
		{3E662DDA-0017-4141-985E-AE8D3DDA519D}.Debug|x64.ActiveCfg = Debug|x64
		{3E662DDA-0017-4141-985E-AE8D3DDA519D}.Debug|x64.Build.0 = Debug|x64
		{3E662DDA-0017-4141-985E-AE8D3DDA519D}.Debug|x64.Deploy.0 = Debug|x64
		{3E662DDA-0017-4141-985E-AE8D3DDA519D}.Debug|x86.ActiveCfg = Debug|x86
		{3E662DDA-0017-4141-985E-AE8D3DDA519D}.Debug|x86.Build.0 = Debug|x86
		{3E662DDA-0017-4141-985E-AE8D3DDA519D}.Debug|x86.Deploy.0 = Debug|x86
		{3E662DDA-0017-4141-985E-AE8D3DDA519D}.Release|Any CPU.ActiveCfg = Release|x86
		{3E662DDA-0017-4141-985E-AE8D3DDA519D}.Release|ARM.ActiveCfg = Release|ARM
		{3E662DDA-0017-4141-985E-AE8D3DDA519D}.Release|ARM.Build.0 = Release|ARM
		{3E662DDA-0017-4141-985E-AE8D3DDA519D}.Release|ARM.Deploy.0 = Release|ARM
		{3E662DDA-0017-4141-985E-AE8D3DDA519D}.Release|ARM64.ActiveCfg = Release|ARM64
		{3E662DDA-0017-4141-985E-AE8D3DDA519D}.Release|ARM64.Build.0 = Release|ARM64
		{3E662DDA-0017-4141-985E-AE8D3DDA519D}.Release|ARM64.Deploy.0 = Release|ARM64
		{3E662DDA-0017-4141-985E-AE8D3DDA519D}.Release|x64.ActiveCfg = Release|x64
		{3E662DDA-0017-4141-985E-AE8D3DDA519D}.Release|x64.Build.0 = Release|x64
		{3E662DDA-0017-4141-985E-AE8D3DDA519D}.Release|x64.Deploy.0 = Release|x64
		{3E662DDA-0017-4141-985E-AE8D3DDA519D}.Release|x86.ActiveCfg = Release|x86
		{3E662DDA-0017-4141-985E-AE8D3DDA519D}.Release|x86.Build.0 = Release|x86
		{3E662DDA-0017-4141-985E-AE8D3DDA519D}.Release|x86.Deploy.0 = Release|x86
	EndGlobalSection
	GlobalSection(SolutionProperties) = preSolution
		HideSolutionNode = FALSE
	EndGlobalSection
	GlobalSection(ExtensibilityGlobals) = postSolution
		SolutionGuid = {D506FF89-C8AE-4784-80D2-4C5575844B24}
	EndGlobalSection
EndGlobal
